
Microsoft Visual Studio Solution File, Format Version 12.00
# Visual Studio 15
VisualStudioVersion = 15.0.27703.2035
MinimumVisualStudioVersion = 10.0.40219.1
Project("{FAE04EC0-301F-11D3-BF4B-00C04F79EFBC}") = "Silk.Data.SQL.MySQL", "Silk.Data.SQL.MySQL\Silk.Data.SQL.MySQL.csproj", "{9FAF69FB-3B7B-420C-ACA6-7B09CF57E113}"
EndProject
Project("{FAE04EC0-301F-11D3-BF4B-00C04F79EFBC}") = "Silk.Data.SQL.MySQL.Tests", "Silk.Data.SQL.MySQL.Tests\Silk.Data.SQL.MySQL.Tests.csproj", "{C278F95E-14FC-4B3E-B685-600734844C3F}"
EndProject
Project("{9A19103F-16F7-4668-BE54-9A1E7A4F7556}") = "Silk.Data.SQL.ProviderTests", "Silk.Data.SQL.ProviderTests\Silk.Data.SQL.ProviderTests\Silk.Data.SQL.ProviderTests.csproj", "{E56426A6-0C90-4A8E-A6F1-3071D19A53A7}"
EndProject
Global
	GlobalSection(SolutionConfigurationPlatforms) = preSolution
		Debug|Any CPU = Debug|Any CPU
		Release|Any CPU = Release|Any CPU
	EndGlobalSection
	GlobalSection(ProjectConfigurationPlatforms) = postSolution
		{9FAF69FB-3B7B-420C-ACA6-7B09CF57E113}.Debug|Any CPU.ActiveCfg = Debug|Any CPU
		{9FAF69FB-3B7B-420C-ACA6-7B09CF57E113}.Debug|Any CPU.Build.0 = Debug|Any CPU
		{9FAF69FB-3B7B-420C-ACA6-7B09CF57E113}.Release|Any CPU.ActiveCfg = Release|Any CPU
		{9FAF69FB-3B7B-420C-ACA6-7B09CF57E113}.Release|Any CPU.Build.0 = Release|Any CPU
		{C278F95E-14FC-4B3E-B685-600734844C3F}.Debug|Any CPU.ActiveCfg = Debug|Any CPU
		{C278F95E-14FC-4B3E-B685-600734844C3F}.Debug|Any CPU.Build.0 = Debug|Any CPU
		{C278F95E-14FC-4B3E-B685-600734844C3F}.Release|Any CPU.ActiveCfg = Release|Any CPU
		{C278F95E-14FC-4B3E-B685-600734844C3F}.Release|Any CPU.Build.0 = Release|Any CPU
		{E56426A6-0C90-4A8E-A6F1-3071D19A53A7}.Debug|Any CPU.ActiveCfg = Debug|Any CPU
		{E56426A6-0C90-4A8E-A6F1-3071D19A53A7}.Debug|Any CPU.Build.0 = Debug|Any CPU
		{E56426A6-0C90-4A8E-A6F1-3071D19A53A7}.Release|Any CPU.ActiveCfg = Release|Any CPU
		{E56426A6-0C90-4A8E-A6F1-3071D19A53A7}.Release|Any CPU.Build.0 = Release|Any CPU
	EndGlobalSection
	GlobalSection(SolutionProperties) = preSolution
		HideSolutionNode = FALSE
	EndGlobalSection
	GlobalSection(ExtensibilityGlobals) = postSolution
		SolutionGuid = {93D91483-BC63-49FC-A3DC-CB08959E8115}
	EndGlobalSection
EndGlobal
